
Microsoft Visual Studio Solution File, Format Version 12.00
# Visual Studio Version 17
VisualStudioVersion = 17.10.35122.118
MinimumVisualStudioVersion = 10.0.40219.1
Project("{8BC9CEB8-8B4A-11D0-8D11-00A0C91BC942}") = "Taeyang", "Taeyang.vcxproj", "{C7BE120B-573C-42E5-8006-FA0DAC47F525}"
EndProject
Global
	GlobalSection(SolutionConfigurationPlatforms) = preSolution
		Debug|x64 = Debug|x64
		Debug|x86 = Debug|x86
		DebugMT|x64 = DebugMT|x64
		DebugMT|x86 = DebugMT|x86
		Release|x64 = Release|x64
		Release|x86 = Release|x86
		ReleaseMT|x64 = ReleaseMT|x64
		ReleaseMT|x86 = ReleaseMT|x86
	EndGlobalSection
	GlobalSection(ProjectConfigurationPlatforms) = postSolution
		{C7BE120B-573C-42E5-8006-FA0DAC47F525}.Debug|x64.ActiveCfg = Debug|x64
		{C7BE120B-573C-42E5-8006-FA0DAC47F525}.Debug|x64.Build.0 = Debug|x64
		{C7BE120B-573C-42E5-8006-FA0DAC47F525}.Debug|x86.ActiveCfg = Debug|Win32
		{C7BE120B-573C-42E5-8006-FA0DAC47F525}.Debug|x86.Build.0 = Debug|Win32
		{C7BE120B-573C-42E5-8006-FA0DAC47F525}.DebugMT|x64.ActiveCfg = DebugMT|x64
		{C7BE120B-573C-42E5-8006-FA0DAC47F525}.DebugMT|x64.Build.0 = DebugMT|x64
		{C7BE120B-573C-42E5-8006-FA0DAC47F525}.DebugMT|x86.ActiveCfg = DebugMT|Win32
		{C7BE120B-573C-42E5-8006-FA0DAC47F525}.DebugMT|x86.Build.0 = DebugMT|Win32
		{C7BE120B-573C-42E5-8006-FA0DAC47F525}.Release|x64.ActiveCfg = Release|x64
		{C7BE120B-573C-42E5-8006-FA0DAC47F525}.Release|x64.Build.0 = Release|x64
		{C7BE120B-573C-42E5-8006-FA0DAC47F525}.Release|x86.ActiveCfg = Release|Win32
		{C7BE120B-573C-42E5-8006-FA0DAC47F525}.Release|x86.Build.0 = Release|Win32
		{C7BE120B-573C-42E5-8006-FA0DAC47F525}.ReleaseMT|x64.ActiveCfg = ReleaseMT|x64
		{C7BE120B-573C-42E5-8006-FA0DAC47F525}.ReleaseMT|x64.Build.0 = ReleaseMT|x64
		{C7BE120B-573C-42E5-8006-FA0DAC47F525}.ReleaseMT|x86.ActiveCfg = ReleaseMT|Win32
		{C7BE120B-573C-42E5-8006-FA0DAC47F525}.ReleaseMT|x86.Build.0 = ReleaseMT|Win32
	EndGlobalSection
	GlobalSection(SolutionProperties) = preSolution
		HideSolutionNode = FALSE
	EndGlobalSection
	GlobalSection(ExtensibilityGlobals) = postSolution
		SolutionGuid = {78C0BAD4-1E27-4204-ACD3-0368D023D065}
	EndGlobalSection
EndGlobal
